Microsoft Visual Studio Solution File, Format Version 12.00
# Visual Studio Version 17
VisualStudioVersion = 17.5.2.0
MinimumVisualStudioVersion = 10.0.40219.1
Project("{FAE04EC0-301F-11D3-BF4B-00C04F79EFBC}") = "AdminBlazor", "AdminBlazor\AdminBlazor.csproj", "{C5AC373C-2886-79CD-5B30-09270D5C552E}"
EndProject
Project("{FAE04EC0-301F-11D3-BF4B-00C04F79EFBC}") = "UserBlazor", "UserBlazor\UserBlazor.csproj", "{23EA533C-E294-EA4F-A894-F38D4B543DF4}"
EndProject
Global
	GlobalSection(SolutionConfigurationPlatforms) = preSolution
		Debug|Any CPU = Debug|Any CPU
		Release|Any CPU = Release|Any CPU
	EndGlobalSection
	GlobalSection(ProjectConfigurationPlatforms) = postSolution
		{C5AC373C-2886-79CD-5B30-09270D5C552E}.Debug|Any CPU.ActiveCfg = Debug|Any CPU
		{C5AC373C-2886-79CD-5B30-09270D5C552E}.Debug|Any CPU.Build.0 = Debug|Any CPU
		{C5AC373C-2886-79CD-5B30-09270D5C552E}.Release|Any CPU.ActiveCfg = Release|Any CPU
		{C5AC373C-2886-79CD-5B30-09270D5C552E}.Release|Any CPU.Build.0 = Release|Any CPU
		{23EA533C-E294-EA4F-A894-F38D4B543DF4}.Debug|Any CPU.ActiveCfg = Debug|Any CPU
		{23EA533C-E294-EA4F-A894-F38D4B543DF4}.Debug|Any CPU.Build.0 = Debug|Any CPU
		{23EA533C-E294-EA4F-A894-F38D4B543DF4}.Release|Any CPU.ActiveCfg = Release|Any CPU
		{23EA533C-E294-EA4F-A894-F38D4B543DF4}.Release|Any CPU.Build.0 = Release|Any CPU
	EndGlobalSection
	GlobalSection(SolutionProperties) = preSolution
		HideSolutionNode = FALSE
	EndGlobalSection
	GlobalSection(ExtensibilityGlobals) = postSolution
		SolutionGuid = {89941BAF-B0E0-4052-A39D-77992BFC530B}
	EndGlobalSection
EndGlobal
